
Microsoft Visual Studio Solution File, Format Version 12.00
# Visual Studio Express 2012 for Windows Desktop
Project("{FAE04EC0-301F-11D3-BF4B-00C04F79EFBC}") = "SourceEditor", "SourceEditor\SourceEditor.csproj", "{C98540B6-2698-482E-9515-6DD6B062216A}"
EndProject
Global
	GlobalSection(SolutionConfigurationPlatforms) = preSolution
		Debug|Any CPU = Debug|Any CPU
		Release|Any CPU = Release|Any CPU
	EndGlobalSection
	GlobalSection(ProjectConfigurationPlatforms) = postSolution
		{C98540B6-2698-482E-9515-6DD6B062216A}.Debug|Any CPU.ActiveCfg = Debug|Any CPU
		{C98540B6-2698-482E-9515-6DD6B062216A}.Debug|Any CPU.Build.0 = Debug|Any CPU
		{C98540B6-2698-482E-9515-6DD6B062216A}.Release|Any CPU.ActiveCfg = Release|Any CPU
		{C98540B6-2698-482E-9515-6DD6B062216A}.Release|Any CPU.Build.0 = Release|Any CPU
	EndGlobalSection
	GlobalSection(SolutionProperties) = preSolution
		HideSolutionNode = FALSE
	EndGlobalSection
EndGlobal
